// !$*UTF8*$!
{
	archiveVersion = 1;
	classes = {
	};
	objectVersion = 55;
	objects = {

/* Begin PBXBuildFile section */
		CD4940672716A0B100716AAF /* LandmarksApp.swift in Sources */ = {isa = PBXBuildFile; fileRef = CD4940662716A0B100716AAF /* LandmarksApp.swift */; };
		CD4940692716A0B100716AAF /* ContentView.swift in Sources */ = {isa = PBXBuildFile; fileRef = CD4940682716A0B100716AAF /* ContentView.swift */; };
		CD49406B2716A0B200716AAF /* Assets.xcassets in Resources */ = {isa = PBXBuildFile; fileRef = CD49406A2716A0B200716AAF /* Assets.xcassets */; };
		CD49406E2716A0B200716AAF /* Preview Assets.xcassets in Resources */ = {isa = PBXBuildFile; fileRef = CD49406D2716A0B200716AAF /* Preview Assets.xcassets */; };
		CD4940752716A63E00716AAF /* CircleImage.swift in Sources */ = {isa = PBXBuildFile; fileRef = CD4940742716A63D00716AAF /* CircleImage.swift */; };
		CD4940772716A80E00716AAF /* MapView.swift in Sources */ = {isa = PBXBuildFile; fileRef = CD4940762716A80E00716AAF /* MapView.swift */; };
		CD494079271CAD7000716AAF /* landmarkData.json in Resources */ = {isa = PBXBuildFile; fileRef = CD494078271CAD7000716AAF /* landmarkData.json */; };
		CD49407B271CADC100716AAF /* Landmark.swift in Sources */ = {isa = PBXBuildFile; fileRef = CD49407A271CADC100716AAF /* Landmark.swift */; };
		CD49407D271CAE6800716AAF /* ModelData.swift in Sources */ = {isa = PBXBuildFile; fileRef = CD49407C271CAE6800716AAF /* ModelData.swift */; };
		CD494084271CAFB100716AAF /* LandmarkRow.swift in Sources */ = {isa = PBXBuildFile; fileRef = CD494083271CAFB100716AAF /* LandmarkRow.swift */; };
		CD494086271CB0C800716AAF /* LandmarkList.swift in Sources */ = {isa = PBXBuildFile; fileRef = CD494085271CB0C800716AAF /* LandmarkList.swift */; };
		CD494088271CB19400716AAF /* LandmarkDetail.swift in Sources */ = {isa = PBXBuildFile; fileRef = CD494087271CB19400716AAF /* LandmarkDetail.swift */; };
		CD49408A271CB97800716AAF /* FavoriteButton.swift in Sources */ = {isa = PBXBuildFile; fileRef = CD494089271CB97800716AAF /* FavoriteButton.swift */; };
		CDF57E02271CBBA400BFAF1A /* HexagonParameters.swift in Sources */ = {isa = PBXBuildFile; fileRef = CDF57E01271CBBA400BFAF1A /* HexagonParameters.swift */; };
		CDF57E04271CBBF200BFAF1A /* BadgeBackground.swift in Sources */ = {isa = PBXBuildFile; fileRef = CDF57E03271CBBF200BFAF1A /* BadgeBackground.swift */; };
		CDF57E06271CBD3200BFAF1A /* BadgeSymbol.swift in Sources */ = {isa = PBXBuildFile; fileRef = CDF57E05271CBD3200BFAF1A /* BadgeSymbol.swift */; };
		CDF57E08271CBDAC00BFAF1A /* RotatedBadgeSymbol.swift in Sources */ = {isa = PBXBuildFile; fileRef = CDF57E07271CBDAC00BFAF1A /* RotatedBadgeSymbol.swift */; };
		CDF57E0A271CBDE700BFAF1A /* Badge.swift in Sources */ = {isa = PBXBuildFile; fileRef = CDF57E09271CBDE700BFAF1A /* Badge.swift */; };
		CDF57E0D271CC06F00BFAF1A /* hikeData.json in Resources */ = {isa = PBXBuildFile; fileRef = CDF57E0C271CC06F00BFAF1A /* hikeData.json */; };
		CDF57E0F271CC08A00BFAF1A /* Hike.swift in Sources */ = {isa = PBXBuildFile; fileRef = CDF57E0E271CC08A00BFAF1A /* Hike.swift */; };
		CDF57E15271CC0F900BFAF1A /* GraphCapsule.swift in Sources */ = {isa = PBXBuildFile; fileRef = CDF57E11271CC0F900BFAF1A /* GraphCapsule.swift */; };
		CDF57E16271CC0F900BFAF1A /* HikeGraph.swift in Sources */ = {isa = PBXBuildFile; fileRef = CDF57E12271CC0F900BFAF1A /* HikeGraph.swift */; };
		CDF57E17271CC0F900BFAF1A /* HikeDetail.swift in Sources */ = {isa = PBXBuildFile; fileRef = CDF57E13271CC0F900BFAF1A /* HikeDetail.swift */; };
		CDF57E18271CC0F900BFAF1A /* HikeView.swift in Sources */ = {isa = PBXBuildFile; fileRef = CDF57E14271CC0F900BFAF1A /* HikeView.swift */; };
/* End PBXBuildFile section */

/* Begin PBXFileReference section */
		CD4940632716A0B100716AAF /* Landmarks.app */ = {isa = PBXFileReference; explicitFileType = wrapper.application; includeInIndex = 0; path = Landmarks.app; sourceTree = BUILT_PRODUCTS_DIR; };
		CD4940662716A0B100716AAF /* LandmarksApp.swift */ = {isa = PBXFileReference; lastKnownFileType = sourcecode.swift; path = LandmarksApp.swift; sourceTree = "<group>"; };
		CD4940682716A0B100716AAF /* ContentView.swift */ = {isa = PBXFileReference; lastKnownFileType = sourcecode.swift; path = ContentView.swift; sourceTree = "<group>"; };
		CD49406A2716A0B200716AAF /* Assets.xcassets */ = {isa = PBXFileReference; lastKnownFileType = folder.assetcatalog; path = Assets.xcassets; sourceTree = "<group>"; };
		CD49406D2716A0B200716AAF /* Preview Assets.xcassets */ = {isa = PBXFileReference; lastKnownFileType = folder.assetcatalog; path = "Preview Assets.xcassets"; sourceTree = "<group>"; };
		CD4940742716A63D00716AAF /* CircleImage.swift */ = {isa = PBXFileReference; lastKnownFileType = sourcecode.swift; path = CircleImage.swift; sourceTree = "<group>"; };
		CD4940762716A80E00716AAF /* MapView.swift */ = {isa = PBXFileReference; lastKnownFileType = sourcecode.swift; path = MapView.swift; sourceTree = "<group>"; };
		CD494078271CAD7000716AAF /* landmarkData.json */ = {isa = PBXFileReference; fileEncoding = 4; lastKnownFileType = text.json; path = landmarkData.json; sourceTree = "<group>"; };
		CD49407A271CADC100716AAF /* Landmark.swift */ = {isa = PBXFileReference; lastKnownFileType = sourcecode.swift; path = Landmark.swift; sourceTree = "<group>"; };
		CD49407C271CAE6800716AAF /* ModelData.swift */ = {isa = PBXFileReference; lastKnownFileType = sourcecode.swift; path = ModelData.swift; sourceTree = "<group>"; };
		CD494083271CAFB100716AAF /* LandmarkRow.swift */ = {isa = PBXFileReference; lastKnownFileType = sourcecode.swift; path = LandmarkRow.swift; sourceTree = "<group>"; };
		CD494085271CB0C800716AAF /* LandmarkList.swift */ = {isa = PBXFileReference; lastKnownFileType = sourcecode.swift; path = LandmarkList.swift; sourceTree = "<group>"; };
		CD494087271CB19400716AAF /* LandmarkDetail.swift */ = {isa = PBXFileReference; lastKnownFileType = sourcecode.swift; path = LandmarkDetail.swift; sourceTree = "<group>"; };
		CD494089271CB97800716AAF /* FavoriteButton.swift */ = {isa = PBXFileReference; lastKnownFileType = sourcecode.swift; path = FavoriteButton.swift; sourceTree = "<group>"; };
		CDF57E01271CBBA400BFAF1A /* HexagonParameters.swift */ = {isa = PBXFileReference; lastKnownFileType = sourcecode.swift; path = HexagonParameters.swift; sourceTree = "<group>"; };
		CDF57E03271CBBF200BFAF1A /* BadgeBackground.swift */ = {isa = PBXFileReference; lastKnownFileType = sourcecode.swift; path = BadgeBackground.swift; sourceTree = "<group>"; };
		CDF57E05271CBD3200BFAF1A /* BadgeSymbol.swift */ = {isa = PBXFileReference; lastKnownFileType = sourcecode.swift; path = BadgeSymbol.swift; sourceTree = "<group>"; };
		CDF57E07271CBDAC00BFAF1A /* RotatedBadgeSymbol.swift */ = {isa = PBXFileReference; lastKnownFileType = sourcecode.swift; path = RotatedBadgeSymbol.swift; sourceTree = "<group>"; };
		CDF57E09271CBDE700BFAF1A /* Badge.swift */ = {isa = PBXFileReference; lastKnownFileType = sourcecode.swift; path = Badge.swift; sourceTree = "<group>"; };
		CDF57E0C271CC06F00BFAF1A /* hikeData.json */ = {isa = PBXFileReference; fileEncoding = 4; lastKnownFileType = text.json; path = hikeData.json; sourceTree = "<group>"; };
		CDF57E0E271CC08A00BFAF1A /* Hike.swift */ = {isa = PBXFileReference; lastKnownFileType = sourcecode.swift; path = Hike.swift; sourceTree = "<group>"; };
		CDF57E11271CC0F900BFAF1A /* GraphCapsule.swift */ = {isa = PBXFileReference; fileEncoding = 4; lastKnownFileType = sourcecode.swift; path = GraphCapsule.swift; sourceTree = "<group>"; };
		CDF57E12271CC0F900BFAF1A /* HikeGraph.swift */ = {isa = PBXFileReference; fileEncoding = 4; lastKnownFileType = sourcecode.swift; path = HikeGraph.swift; sourceTree = "<group>"; };
		CDF57E13271CC0F900BFAF1A /* HikeDetail.swift */ = {isa = PBXFileReference; fileEncoding = 4; lastKnownFileType = sourcecode.swift; path = HikeDetail.swift; sourceTree = "<group>"; };
		CDF57E14271CC0F900BFAF1A /* HikeView.swift */ = {isa = PBXFileReference; fileEncoding = 4; lastKnownFileType = sourcecode.swift; path = HikeView.swift; sourceTree = "<group>"; };
/* End PBXFileReference section */

/* Begin PBXFrameworksBuildPhase section */
		CD4940602716A0B100716AAF /* Frameworks */ = {
			isa = PBXFrameworksBuildPhase;
			buildActionMask = 2147483647;
			files = (
			);
			runOnlyForDeploymentPostprocessing = 0;
		};
/* End PBXFrameworksBuildPhase section */

/* Begin PBXGroup section */
		CD49405A2716A0B100716AAF = {
			isa = PBXGroup;
			children = (
				CD4940652716A0B100716AAF /* Landmarks */,
				CD4940642716A0B100716AAF /* Products */,
			);
			sourceTree = "<group>";
		};
		CD4940642716A0B100716AAF /* Products */ = {
			isa = PBXGroup;
			children = (
				CD4940632716A0B100716AAF /* Landmarks.app */,
			);
			name = Products;
			sourceTree = "<group>";
		};
		CD4940652716A0B100716AAF /* Landmarks */ = {
			isa = PBXGroup;
			children = (
				CDF57E10271CC0F900BFAF1A /* Hikes */,
				CD49407E271CAEA500716AAF /* Views */,
				CD49407F271CAEDA00716AAF /* Resources  */,
				CD494080271CAEF500716AAF /* Model */,
				CD4940662716A0B100716AAF /* LandmarksApp.swift */,
				CD49406A2716A0B200716AAF /* Assets.xcassets */,
				CD49406C2716A0B200716AAF /* Preview Content */,
			);
			path = Landmarks;
			sourceTree = "<group>";
		};
		CD49406C2716A0B200716AAF /* Preview Content */ = {
			isa = PBXGroup;
			children = (
				CD49406D2716A0B200716AAF /* Preview Assets.xcassets */,
			);
			path = "Preview Content";
			sourceTree = "<group>";
		};
		CD49407E271CAEA500716AAF /* Views */ = {
			isa = PBXGroup;
			children = (
				CDF57E0B271CBE4F00BFAF1A /* Badges */,
				CD4940682716A0B100716AAF /* ContentView.swift */,
				CD49408B271CB9CA00716AAF /* Landmarks */,
				CD49408C271CB9E400716AAF /* Helpers */,
			);
			path = Views;
			sourceTree = "<group>";
		};
		CD49407F271CAEDA00716AAF /* Resources  */ = {
			isa = PBXGroup;
			children = (
				CDF57E0C271CC06F00BFAF1A /* hikeData.json */,
				CD494078271CAD7000716AAF /* landmarkData.json */,
			);
			path = "Resources ";
			sourceTree = "<group>";
		};
		CD494080271CAEF500716AAF /* Model */ = {
			isa = PBXGroup;
			children = (
				CD49407A271CADC100716AAF /* Landmark.swift */,
				CD49407C271CAE6800716AAF /* ModelData.swift */,
				CDF57E0E271CC08A00BFAF1A /* Hike.swift */,
			);
			path = Model;
			sourceTree = "<group>";
		};
		CD49408B271CB9CA00716AAF /* Landmarks */ = {
			isa = PBXGroup;
			children = (
				CD494083271CAFB100716AAF /* LandmarkRow.swift */,
				CD494085271CB0C800716AAF /* LandmarkList.swift */,
				CD494087271CB19400716AAF /* LandmarkDetail.swift */,
			);
			path = Landmarks;
			sourceTree = "<group>";
		};
		CD49408C271CB9E400716AAF /* Helpers */ = {
			isa = PBXGroup;
			children = (
				CD4940742716A63D00716AAF /* CircleImage.swift */,
				CD4940762716A80E00716AAF /* MapView.swift */,
				CD494089271CB97800716AAF /* FavoriteButton.swift */,
			);
			path = Helpers;
			sourceTree = "<group>";
		};
		CDF57E0B271CBE4F00BFAF1A /* Badges */ = {
			isa = PBXGroup;
			children = (
				CDF57E01271CBBA400BFAF1A /* HexagonParameters.swift */,
				CDF57E05271CBD3200BFAF1A /* BadgeSymbol.swift */,
				CDF57E07271CBDAC00BFAF1A /* RotatedBadgeSymbol.swift */,
				CDF57E09271CBDE700BFAF1A /* Badge.swift */,
				CDF57E03271CBBF200BFAF1A /* BadgeBackground.swift */,
			);
			path = Badges;
			sourceTree = "<group>";
		};
		CDF57E10271CC0F900BFAF1A /* Hikes */ = {
			isa = PBXGroup;
			children = (
				CDF57E11271CC0F900BFAF1A /* GraphCapsule.swift */,
				CDF57E12271CC0F900BFAF1A /* HikeGraph.swift */,
				CDF57E13271CC0F900BFAF1A /* HikeDetail.swift */,
				CDF57E14271CC0F900BFAF1A /* HikeView.swift */,
			);
			path = Hikes;
			sourceTree = "<group>";
		};
/* End PBXGroup section */

/* Begin PBXNativeTarget section */
		CD4940622716A0B100716AAF /* Landmarks */ = {
			isa = PBXNativeTarget;
			buildConfigurationList = CD4940712716A0B200716AAF /* Build configuration list for PBXNativeTarget "Landmarks" */;
			buildPhases = (
				CD49405F2716A0B100716AAF /* Sources */,
				CD4940602716A0B100716AAF /* Frameworks */,
				CD4940612716A0B100716AAF /* Resources */,
			);
			buildRules = (
			);
			dependencies = (
			);
			name = Landmarks;
			productName = Landmarks;
			productReference = CD4940632716A0B100716AAF /* Landmarks.app */;
			productType = "com.apple.product-type.application";
		};
/* End PBXNativeTarget section */

/* Begin PBXProject section */
		CD49405B2716A0B100716AAF /* Project object */ = {
			isa = PBXProject;
			attributes = {
				BuildIndependentTargetsInParallel = 1;
				LastSwiftUpdateCheck = 1300;
				LastUpgradeCheck = 1300;
				TargetAttributes = {
					CD4940622716A0B100716AAF = {
						CreatedOnToolsVersion = 13.0;
					};
				};
			};
			buildConfigurationList = CD49405E2716A0B100716AAF /* Build configuration list for PBXProject "Landmarks" */;
			compatibilityVersion = "Xcode 13.0";
			developmentRegion = en;
			hasScannedForEncodings = 0;
			knownRegions = (
				en,
				Base,
			);
			mainGroup = CD49405A2716A0B100716AAF;
			productRefGroup = CD4940642716A0B100716AAF /* Products */;
			projectDirPath = "";
			projectRoot = "";
			targets = (
				CD4940622716A0B100716AAF /* Landmarks */,
			);
		};
/* End PBXProject section */

/* Begin PBXResourcesBuildPhase section */
		CD4940612716A0B100716AAF /* Resources */ = {
			isa = PBXResourcesBuildPhase;
			buildActionMask = 2147483647;
			files = (
				CDF57E0D271CC06F00BFAF1A /* hikeData.json in Resources */,
				CD49406E2716A0B200716AAF /* Preview Assets.xcassets in Resources */,
				CD49406B2716A0B200716AAF /* Assets.xcassets in Resources */,
				CD494079271CAD7000716AAF /* landmarkData.json in Resources */,
			);
			runOnlyForDeploymentPostprocessing = 0;
		};
/* End PBXResourcesBuildPhase section */

/* Begin PBXSourcesBuildPhase section */
		CD49405F2716A0B100716AAF /* Sources */ = {
			isa = PBXSourcesBuildPhase;
			buildActionMask = 2147483647;
			files = (
				CD4940692716A0B100716AAF /* ContentView.swift in Sources */,
				CDF57E16271CC0F900BFAF1A /* HikeGraph.swift in Sources */,
				CDF57E0A271CBDE700BFAF1A /* Badge.swift in Sources */,
				CD4940772716A80E00716AAF /* MapView.swift in Sources */,
				CDF57E15271CC0F900BFAF1A /* GraphCapsule.swift in Sources */,
				CD4940672716A0B100716AAF /* LandmarksApp.swift in Sources */,
				CD49408A271CB97800716AAF /* FavoriteButton.swift in Sources */,
				CDF57E17271CC0F900BFAF1A /* HikeDetail.swift in Sources */,
				CDF57E02271CBBA400BFAF1A /* HexagonParameters.swift in Sources */,
				CDF57E0F271CC08A00BFAF1A /* Hike.swift in Sources */,
				CDF57E08271CBDAC00BFAF1A /* RotatedBadgeSymbol.swift in Sources */,
				CDF57E06271CBD3200BFAF1A /* BadgeSymbol.swift in Sources */,
				CD494086271CB0C800716AAF /* LandmarkList.swift in Sources */,
				CDF57E18271CC0F900BFAF1A /* HikeView.swift in Sources */,
				CD494088271CB19400716AAF /* LandmarkDetail.swift in Sources */,
				CDF57E04271CBBF200BFAF1A /* BadgeBackground.swift in Sources */,
				CD4940752716A63E00716AAF /* CircleImage.swift in Sources */,
				CD49407B271CADC100716AAF /* Landmark.swift in Sources */,
				CD494084271CAFB100716AAF /* LandmarkRow.swift in Sources */,
				CD49407D271CAE6800716AAF /* ModelData.swift in Sources */,
			);
			runOnlyForDeploymentPostprocessing = 0;
		};
/* End PBXSourcesBuildPhase section */

/* Begin XCBuildConfiguration section */
		CD49406F2716A0B200716AAF /* Debug */ = {
			isa = XCBuildConfiguration;
			buildSettings = {
				ALWAYS_SEARCH_USER_PATHS = NO;
				CLANG_ANALYZER_NONNULL = YES;
				CLANG_ANALYZER_NUMBER_OBJECT_CONVERSION = YES_AGGRESSIVE;
				CLANG_CXX_LANGUAGE_STANDARD = "gnu++17";
				CLANG_CXX_LIBRARY = "libc++";
				CLANG_ENABLE_MODULES = YES;
				CLANG_ENABLE_OBJC_ARC = YES;
				CLANG_ENABLE_OBJC_WEAK = YES;
				CLANG_WARN_BLOCK_CAPTURE_AUTORELEASING = YES;
				CLANG_WARN_BOOL_CONVERSION = YES;
				CLANG_WARN_COMMA = YES;
				CLANG_WARN_CONSTANT_CONVERSION = YES;
				CLANG_WARN_DEPRECATED_OBJC_IMPLEMENTATIONS = YES;
				CLANG_WARN_DIRECT_OBJC_ISA_USAGE = YES_ERROR;
				CLANG_WARN_DOCUMENTATION_COMMENTS = YES;
				CLANG_WARN_EMPTY_BODY = YES;
				CLANG_WARN_ENUM_CONVERSION = YES;
				CLANG_WARN_INFINITE_RECURSION = YES;
				CLANG_WARN_INT_CONVERSION = YES;
				CLANG_WARN_NON_LITERAL_NULL_CONVERSION = YES;
				CLANG_WARN_OBJC_IMPLICIT_RETAIN_SELF = YES;
				CLANG_WARN_OBJC_LITERAL_CONVERSION = YES;
				CLANG_WARN_OBJC_ROOT_CLASS = YES_ERROR;
				CLANG_WARN_QUOTED_INCLUDE_IN_FRAMEWORK_HEADER = YES;
				CLANG_WARN_RANGE_LOOP_ANALYSIS = YES;
				CLANG_WARN_STRICT_PROTOTYPES = YES;
				CLANG_WARN_SUSPICIOUS_MOVE = YES;
				CLANG_WARN_UNGUARDED_AVAILABILITY = YES_AGGRESSIVE;
				CLANG_WARN_UNREACHABLE_CODE = YES;
				CLANG_WARN__DUPLICATE_METHOD_MATCH = YES;
				COPY_PHASE_STRIP = NO;
				DEBUG_INFORMATION_FORMAT = dwarf;
				ENABLE_STRICT_OBJC_MSGSEND = YES;
				ENABLE_TESTABILITY = YES;
				GCC_C_LANGUAGE_STANDARD = gnu11;
				GCC_DYNAMIC_NO_PIC = NO;
				GCC_NO_COMMON_BLOCKS = YES;
				GCC_OPTIMIZATION_LEVEL = 0;
				GCC_PREPROCESSOR_DEFINITIONS = (
					"DEBUG=1",
					"$(inherited)",
				);
				GCC_WARN_64_TO_32_BIT_CONVERSION = YES;
				GCC_WARN_ABOUT_RETURN_TYPE = YES_ERROR;
				GCC_WARN_UNDECLARED_SELECTOR = YES;
				GCC_WARN_UNINITIALIZED_AUTOS = YES_AGGRESSIVE;
				GCC_WARN_UNUSED_FUNCTION = YES;
				GCC_WARN_UNUSED_VARIABLE = YES;
				IPHONEOS_DEPLOYMENT_TARGET = 15.0;
				MTL_ENABLE_DEBUG_INFO = INCLUDE_SOURCE;
				MTL_FAST_MATH = YES;
				ONLY_ACTIVE_ARCH = YES;
				SDKROOT = iphoneos;
				SWIFT_ACTIVE_COMPILATION_CONDITIONS = DEBUG;
				SWIFT_OPTIMIZATION_LEVEL = "-Onone";
			};
			name = Debug;
		};
		CD4940702716A0B200716AAF /* Release */ = {
			isa = XCBuildConfiguration;
			buildSettings = {
				ALWAYS_SEARCH_USER_PATHS = NO;
				CLANG_ANALYZER_NONNULL = YES;
				CLANG_ANALYZER_NUMBER_OBJECT_CONVERSION = YES_AGGRESSIVE;
				CLANG_CXX_LANGUAGE_STANDARD = "gnu++17";
				CLANG_CXX_LIBRARY = "libc++";
				CLANG_ENABLE_MODULES = YES;
				CLANG_ENABLE_OBJC_ARC = YES;
				CLANG_ENABLE_OBJC_WEAK = YES;
				CLANG_WARN_BLOCK_CAPTURE_AUTORELEASING = YES;
				CLANG_WARN_BOOL_CONVERSION = YES;
				CLANG_WARN_COMMA = YES;
				CLANG_WARN_CONSTANT_CONVERSION = YES;
				CLANG_WARN_DEPRECATED_OBJC_IMPLEMENTATIONS = YES;
				CLANG_WARN_DIRECT_OBJC_ISA_USAGE = YES_ERROR;
				CLANG_WARN_DOCUMENTATION_COMMENTS = YES;
				CLANG_WARN_EMPTY_BODY = YES;
				CLANG_WARN_ENUM_CONVERSION = YES;
				CLANG_WARN_INFINITE_RECURSION = YES;
				CLANG_WARN_INT_CONVERSION = YES;
				CLANG_WARN_NON_LITERAL_NULL_CONVERSION = YES;
				CLANG_WARN_OBJC_IMPLICIT_RETAIN_SELF = YES;
				CLANG_WARN_OBJC_LITERAL_CONVERSION = YES;
				CLANG_WARN_OBJC_ROOT_CLASS = YES_ERROR;
				CLANG_WARN_QUOTED_INCLUDE_IN_FRAMEWORK_HEADER = YES;
				CLANG_WARN_RANGE_LOOP_ANALYSIS = YES;
				CLANG_WARN_STRICT_PROTOTYPES = YES;
				CLANG_WARN_SUSPICIOUS_MOVE = YES;
				CLANG_WARN_UNGUARDED_AVAILABILITY = YES_AGGRESSIVE;
				CLANG_WARN_UNREACHABLE_CODE = YES;
				CLANG_WARN__DUPLICATE_METHOD_MATCH = YES;
				COPY_PHASE_STRIP = NO;
				DEBUG_INFORMATION_FORMAT = "dwarf-with-dsym";
				ENABLE_NS_ASSERTIONS = NO;
				ENABLE_STRICT_OBJC_MSGSEND = YES;
				GCC_C_LANGUAGE_STANDARD = gnu11;
				GCC_NO_COMMON_BLOCKS = YES;
				GCC_WARN_64_TO_32_BIT_CONVERSION = YES;
				GCC_WARN_ABOUT_RETURN_TYPE = YES_ERROR;
				GCC_WARN_UNDECLARED_SELECTOR = YES;
				GCC_WARN_UNINITIALIZED_AUTOS = YES_AGGRESSIVE;
				GCC_WARN_UNUSED_FUNCTION = YES;
				GCC_WARN_UNUSED_VARIABLE = YES;
				IPHONEOS_DEPLOYMENT_TARGET = 15.0;
				MTL_ENABLE_DEBUG_INFO = NO;
				MTL_FAST_MATH = YES;
				SDKROOT = iphoneos;
				SWIFT_COMPILATION_MODE = wholemodule;
				SWIFT_OPTIMIZATION_LEVEL = "-O";
				VALIDATE_PRODUCT = YES;
			};
			name = Release;
		};
		CD4940722716A0B200716AAF /* Debug */ = {
			isa = XCBuildConfiguration;
			buildSettings = {
				ASSETCATALOG_COMPILER_APPICON_NAME = AppIcon;
				ASSETCATALOG_COMPILER_GLOBAL_ACCENT_COLOR_NAME = AccentColor;
				CODE_SIGN_STYLE = Automatic;
				CURRENT_PROJECT_VERSION = 1;
				DEVELOPMENT_ASSET_PATHS = "\"Landmarks/Preview Content\"";
				ENABLE_PREVIEWS = YES;
				GENERATE_INFOPLIST_FILE = YES;
				INFOPLIST_KEY_UIApplicationSceneManifest_Generation = YES;
				INFOPLIST_KEY_UIApplicationSupportsIndirectInputEvents = YES;
				INFOPLIST_KEY_UILaunchScreen_Generation = YES;
				INFOPLIST_KEY_UISupportedInterfaceOrientations_iPad = "UIInterfaceOrientationPortrait UIInterfaceOrientationPortraitUpsideDown UIInterfaceOrientationLandscapeLeft UIInterfaceOrientationLandscapeRight";
				INFOPLIST_KEY_UISupportedInterfaceOrientations_iPhone = "UIInterfaceOrientationPortrait UIInterfaceOrientationLandscapeLeft UIInterfaceOrientationLandscapeRight";
				IPHONEOS_DEPLOYMENT_TARGET = 14.0;
				LD_RUNPATH_SEARCH_PATHS = (
					"$(inherited)",
					"@executable_path/Frameworks",
				);
				MARKETING_VERSION = 1.0;
				PRODUCT_BUNDLE_IDENTIFIER = malin.denis.Landmarks;
				PRODUCT_NAME = "$(TARGET_NAME)";
				SWIFT_EMIT_LOC_STRINGS = YES;
				SWIFT_VERSION = 5.0;
				TARGETED_DEVICE_FAMILY = "1,2";
			};
			name = Debug;
		};
		CD4940732716A0B200716AAF /* Release */ = {
			isa = XCBuildConfiguration;
			buildSettings = {
				ASSETCATALOG_COMPILER_APPICON_NAME = AppIcon;
				ASSETCATALOG_COMPILER_GLOBAL_ACCENT_COLOR_NAME = AccentColor;
				CODE_SIGN_STYLE = Automatic;
				CURRENT_PROJECT_VERSION = 1;
				DEVELOPMENT_ASSET_PATHS = "\"Landmarks/Preview Content\"";
				ENABLE_PREVIEWS = YES;
				GENERATE_INFOPLIST_FILE = YES;
				INFOPLIST_KEY_UIApplicationSceneManifest_Generation = YES;
				INFOPLIST_KEY_UIApplicationSupportsIndirectInputEvents = YES;
				INFOPLIST_KEY_UILaunchScreen_Generation = YES;
				INFOPLIST_KEY_UISupportedInterfaceOrientations_iPad = "UIInterfaceOrientationPortrait UIInterfaceOrientationPortraitUpsideDown UIInterfaceOrientationLandscapeLeft UIInterfaceOrientationLandscapeRight";
				INFOPLIST_KEY_UISupportedInterfaceOrientations_iPhone = "UIInterfaceOrientationPortrait UIInterfaceOrientationLandscapeLeft UIInterfaceOrientationLandscapeRight";
				IPHONEOS_DEPLOYMENT_TARGET = 14.0;
				LD_RUNPATH_SEARCH_PATHS = (
					"$(inherited)",
					"@executable_path/Frameworks",
				);
				MARKETING_VERSION = 1.0;
				PRODUCT_BUNDLE_IDENTIFIER = malin.denis.Landmarks;
				PRODUCT_NAME = "$(TARGET_NAME)";
				SWIFT_EMIT_LOC_STRINGS = YES;
				SWIFT_VERSION = 5.0;
				TARGETED_DEVICE_FAMILY = "1,2";
			};
			name = Release;
		};
/* End XCBuildConfiguration section */

/* Begin XCConfigurationList section */
		CD49405E2716A0B100716AAF /* Build configuration list for PBXProject "Landmarks" */ = {
			isa = XCConfigurationList;
			buildConfigurations = (
				CD49406F2716A0B200716AAF /* Debug */,
				CD4940702716A0B200716AAF /* Release */,
			);
			defaultConfigurationIsVisible = 0;
			defaultConfigurationName = Release;
		};
		CD4940712716A0B200716AAF /* Build configuration list for PBXNativeTarget "Landmarks" */ = {
			isa = XCConfigurationList;
			buildConfigurations = (
				CD4940722716A0B200716AAF /* Debug */,
				CD4940732716A0B200716AAF /* Release */,
			);
			defaultConfigurationIsVisible = 0;
			defaultConfigurationName = Release;
		};
/* End XCConfigurationList section */
	};
	rootObject = CD49405B2716A0B100716AAF /* Project object */;
}
